
Microsoft Visual Studio Solution File, Format Version 12.00
# Visual Studio Version 17
Project("{2150E333-8FDC-42A3-9474-1A3956D46DE8}") = "CMake", "CMake", "{08757604-2F9E-31F3-B110-9A4B5A715EE7}"
EndProject
Project("{2150E333-8FDC-42A3-9474-1A3956D46DE8}") = "SFML", "SFML", "{D72B3EE4-553C-375D-BEC7-F317886063BE}"
EndProject
Project("{8BC9CEB8-8B4A-11D0-8D11-00A0C91BC942}") = "ALL_BUILD", "ALL_BUILD.vcxproj", "{713D7D3B-A511-30A8-8EF1-21EFB465F765}"
	ProjectSection(ProjectDependencies) = postProject
		{AED24F5F-8B32-3B3D-A3CA-52241EFED31B} = {AED24F5F-8B32-3B3D-A3CA-52241EFED31B}
		{FE29E4F2-F618-3786-94FA-0F83EFA58F36} = {FE29E4F2-F618-3786-94FA-0F83EFA58F36}
		{7F3C8C5B-206C-34A6-AA85-32C5022A94E6} = {7F3C8C5B-206C-34A6-AA85-32C5022A94E6}
		{7B6CC32B-385B-3DD8-A45D-033C4FEEF903} = {7B6CC32B-385B-3DD8-A45D-033C4FEEF903}
		{4BC2596A-5463-3EF4-9635-1FE9E8492BFD} = {4BC2596A-5463-3EF4-9635-1FE9E8492BFD}
		{242F67DD-8E72-3A55-A50B-ADF58C1FE154} = {242F67DD-8E72-3A55-A50B-ADF58C1FE154}
		{75F38C98-DC61-3605-8720-3E9BB41D9448} = {75F38C98-DC61-3605-8720-3E9BB41D9448}
		{52404C39-7055-321F-B761-0708774C8878} = {52404C39-7055-321F-B761-0708774C8878}
		{CB045D28-C100-388D-8A2C-98298DF68726} = {CB045D28-C100-388D-8A2C-98298DF68726}
	EndProjectSection
EndProject
Project("{8BC9CEB8-8B4A-11D0-8D11-00A0C91BC942}") = "COURSEWORK", "COURSEWORK.vcxproj", "{AED24F5F-8B32-3B3D-A3CA-52241EFED31B}"
	ProjectSection(ProjectDependencies) = postProject
		{FE29E4F2-F618-3786-94FA-0F83EFA58F36} = {FE29E4F2-F618-3786-94FA-0F83EFA58F36}
		{4BC2596A-5463-3EF4-9635-1FE9E8492BFD} = {4BC2596A-5463-3EF4-9635-1FE9E8492BFD}
		{52404C39-7055-321F-B761-0708774C8878} = {52404C39-7055-321F-B761-0708774C8878}
		{CB045D28-C100-388D-8A2C-98298DF68726} = {CB045D28-C100-388D-8A2C-98298DF68726}
	EndProjectSection
EndProject
Project("{8BC9CEB8-8B4A-11D0-8D11-00A0C91BC942}") = "INSTALL", "INSTALL.vcxproj", "{3C8028A9-C016-3323-8755-424881F57FEC}"
	ProjectSection(ProjectDependencies) = postProject
		{713D7D3B-A511-30A8-8EF1-21EFB465F765} = {713D7D3B-A511-30A8-8EF1-21EFB465F765}
		{FE29E4F2-F618-3786-94FA-0F83EFA58F36} = {FE29E4F2-F618-3786-94FA-0F83EFA58F36}
	EndProjectSection
EndProject
Project("{8BC9CEB8-8B4A-11D0-8D11-00A0C91BC942}") = "PACKAGE", "PACKAGE.vcxproj", "{17756BD5-39C6-3FFF-8C8D-D0D0B6998F5E}"
	ProjectSection(ProjectDependencies) = postProject
		{713D7D3B-A511-30A8-8EF1-21EFB465F765} = {713D7D3B-A511-30A8-8EF1-21EFB465F765}
		{FE29E4F2-F618-3786-94FA-0F83EFA58F36} = {FE29E4F2-F618-3786-94FA-0F83EFA58F36}
	EndProjectSection
EndProject
Project("{8BC9CEB8-8B4A-11D0-8D11-00A0C91BC942}") = "ZERO_CHECK", "ZERO_CHECK.vcxproj", "{FE29E4F2-F618-3786-94FA-0F83EFA58F36}"
	ProjectSection(ProjectDependencies) = postProject
	EndProjectSection
EndProject
Project("{8BC9CEB8-8B4A-11D0-8D11-00A0C91BC942}") = "copy_resources", "copy_resources.vcxproj", "{7F3C8C5B-206C-34A6-AA85-32C5022A94E6}"
	ProjectSection(ProjectDependencies) = postProject
		{FE29E4F2-F618-3786-94FA-0F83EFA58F36} = {FE29E4F2-F618-3786-94FA-0F83EFA58F36}
	EndProjectSection
EndProject
Project("{8BC9CEB8-8B4A-11D0-8D11-00A0C91BC942}") = "sfml-audio", "lib\sfml\src\SFML\Audio\sfml-audio.vcxproj", "{7B6CC32B-385B-3DD8-A45D-033C4FEEF903}"
	ProjectSection(ProjectDependencies) = postProject
		{FE29E4F2-F618-3786-94FA-0F83EFA58F36} = {FE29E4F2-F618-3786-94FA-0F83EFA58F36}
		{52404C39-7055-321F-B761-0708774C8878} = {52404C39-7055-321F-B761-0708774C8878}
	EndProjectSection
EndProject
Project("{8BC9CEB8-8B4A-11D0-8D11-00A0C91BC942}") = "sfml-graphics", "lib\sfml\src\SFML\Graphics\sfml-graphics.vcxproj", "{4BC2596A-5463-3EF4-9635-1FE9E8492BFD}"
	ProjectSection(ProjectDependencies) = postProject
		{FE29E4F2-F618-3786-94FA-0F83EFA58F36} = {FE29E4F2-F618-3786-94FA-0F83EFA58F36}
		{52404C39-7055-321F-B761-0708774C8878} = {52404C39-7055-321F-B761-0708774C8878}
		{CB045D28-C100-388D-8A2C-98298DF68726} = {CB045D28-C100-388D-8A2C-98298DF68726}
	EndProjectSection
EndProject
Project("{8BC9CEB8-8B4A-11D0-8D11-00A0C91BC942}") = "sfml-main", "lib\sfml\src\SFML\Main\sfml-main.vcxproj", "{242F67DD-8E72-3A55-A50B-ADF58C1FE154}"
	ProjectSection(ProjectDependencies) = postProject
		{FE29E4F2-F618-3786-94FA-0F83EFA58F36} = {FE29E4F2-F618-3786-94FA-0F83EFA58F36}
	EndProjectSection
EndProject
Project("{8BC9CEB8-8B4A-11D0-8D11-00A0C91BC942}") = "sfml-network", "lib\sfml\src\SFML\Network\sfml-network.vcxproj", "{75F38C98-DC61-3605-8720-3E9BB41D9448}"
	ProjectSection(ProjectDependencies) = postProject
		{FE29E4F2-F618-3786-94FA-0F83EFA58F36} = {FE29E4F2-F618-3786-94FA-0F83EFA58F36}
		{52404C39-7055-321F-B761-0708774C8878} = {52404C39-7055-321F-B761-0708774C8878}
	EndProjectSection
EndProject
Project("{8BC9CEB8-8B4A-11D0-8D11-00A0C91BC942}") = "sfml-system", "lib\sfml\src\SFML\System\sfml-system.vcxproj", "{52404C39-7055-321F-B761-0708774C8878}"
	ProjectSection(ProjectDependencies) = postProject
		{FE29E4F2-F618-3786-94FA-0F83EFA58F36} = {FE29E4F2-F618-3786-94FA-0F83EFA58F36}
	EndProjectSection
EndProject
Project("{8BC9CEB8-8B4A-11D0-8D11-00A0C91BC942}") = "sfml-window", "lib\sfml\src\SFML\Window\sfml-window.vcxproj", "{CB045D28-C100-388D-8A2C-98298DF68726}"
	ProjectSection(ProjectDependencies) = postProject
		{FE29E4F2-F618-3786-94FA-0F83EFA58F36} = {FE29E4F2-F618-3786-94FA-0F83EFA58F36}
		{52404C39-7055-321F-B761-0708774C8878} = {52404C39-7055-321F-B761-0708774C8878}
	EndProjectSection
EndProject
Global
	GlobalSection(SolutionConfigurationPlatforms) = preSolution
		Debug|x64 = Debug|x64
		Release|x64 = Release|x64
		MinSizeRel|x64 = MinSizeRel|x64
		RelWithDebInfo|x64 = RelWithDebInfo|x64
	EndGlobalSection
	GlobalSection(ProjectConfigurationPlatforms) = postSolution
		{713D7D3B-A511-30A8-8EF1-21EFB465F765}.Debug|x64.ActiveCfg = Debug|x64
		{713D7D3B-A511-30A8-8EF1-21EFB465F765}.Debug|x64.Build.0 = Debug|x64
		{713D7D3B-A511-30A8-8EF1-21EFB465F765}.Release|x64.ActiveCfg = Release|x64
		{713D7D3B-A511-30A8-8EF1-21EFB465F765}.Release|x64.Build.0 = Release|x64
		{713D7D3B-A511-30A8-8EF1-21EFB465F765}.MinSizeRel|x64.ActiveCfg = MinSizeRel|x64
		{713D7D3B-A511-30A8-8EF1-21EFB465F765}.MinSizeRel|x64.Build.0 = MinSizeRel|x64
		{713D7D3B-A511-30A8-8EF1-21EFB465F765}.RelWithDebInfo|x64.ActiveCfg = RelWithDebInfo|x64
		{713D7D3B-A511-30A8-8EF1-21EFB465F765}.RelWithDebInfo|x64.Build.0 = RelWithDebInfo|x64
		{AED24F5F-8B32-3B3D-A3CA-52241EFED31B}.Debug|x64.ActiveCfg = Debug|x64
		{AED24F5F-8B32-3B3D-A3CA-52241EFED31B}.Debug|x64.Build.0 = Debug|x64
		{AED24F5F-8B32-3B3D-A3CA-52241EFED31B}.Release|x64.ActiveCfg = Release|x64
		{AED24F5F-8B32-3B3D-A3CA-52241EFED31B}.Release|x64.Build.0 = Release|x64
		{AED24F5F-8B32-3B3D-A3CA-52241EFED31B}.MinSizeRel|x64.ActiveCfg = MinSizeRel|x64
		{AED24F5F-8B32-3B3D-A3CA-52241EFED31B}.MinSizeRel|x64.Build.0 = MinSizeRel|x64
		{AED24F5F-8B32-3B3D-A3CA-52241EFED31B}.RelWithDebInfo|x64.ActiveCfg = RelWithDebInfo|x64
		{AED24F5F-8B32-3B3D-A3CA-52241EFED31B}.RelWithDebInfo|x64.Build.0 = RelWithDebInfo|x64
		{3C8028A9-C016-3323-8755-424881F57FEC}.Debug|x64.ActiveCfg = Debug|x64
		{3C8028A9-C016-3323-8755-424881F57FEC}.Release|x64.ActiveCfg = Release|x64
		{3C8028A9-C016-3323-8755-424881F57FEC}.MinSizeRel|x64.ActiveCfg = MinSizeRel|x64
		{3C8028A9-C016-3323-8755-424881F57FEC}.RelWithDebInfo|x64.ActiveCfg = RelWithDebInfo|x64
		{17756BD5-39C6-3FFF-8C8D-D0D0B6998F5E}.Debug|x64.ActiveCfg = Debug|x64
		{17756BD5-39C6-3FFF-8C8D-D0D0B6998F5E}.Release|x64.ActiveCfg = Release|x64
		{17756BD5-39C6-3FFF-8C8D-D0D0B6998F5E}.MinSizeRel|x64.ActiveCfg = MinSizeRel|x64
		{17756BD5-39C6-3FFF-8C8D-D0D0B6998F5E}.RelWithDebInfo|x64.ActiveCfg = RelWithDebInfo|x64
		{FE29E4F2-F618-3786-94FA-0F83EFA58F36}.Debug|x64.ActiveCfg = Debug|x64
		{FE29E4F2-F618-3786-94FA-0F83EFA58F36}.Debug|x64.Build.0 = Debug|x64
		{FE29E4F2-F618-3786-94FA-0F83EFA58F36}.Release|x64.ActiveCfg = Release|x64
		{FE29E4F2-F618-3786-94FA-0F83EFA58F36}.Release|x64.Build.0 = Release|x64
		{FE29E4F2-F618-3786-94FA-0F83EFA58F36}.MinSizeRel|x64.ActiveCfg = MinSizeRel|x64
		{FE29E4F2-F618-3786-94FA-0F83EFA58F36}.MinSizeRel|x64.Build.0 = MinSizeRel|x64
		{FE29E4F2-F618-3786-94FA-0F83EFA58F36}.RelWithDebInfo|x64.ActiveCfg = RelWithDebInfo|x64
		{FE29E4F2-F618-3786-94FA-0F83EFA58F36}.RelWithDebInfo|x64.Build.0 = RelWithDebInfo|x64
		{7F3C8C5B-206C-34A6-AA85-32C5022A94E6}.Debug|x64.ActiveCfg = Debug|x64
		{7F3C8C5B-206C-34A6-AA85-32C5022A94E6}.Debug|x64.Build.0 = Debug|x64
		{7F3C8C5B-206C-34A6-AA85-32C5022A94E6}.Release|x64.ActiveCfg = Release|x64
		{7F3C8C5B-206C-34A6-AA85-32C5022A94E6}.Release|x64.Build.0 = Release|x64
		{7F3C8C5B-206C-34A6-AA85-32C5022A94E6}.MinSizeRel|x64.ActiveCfg = MinSizeRel|x64
		{7F3C8C5B-206C-34A6-AA85-32C5022A94E6}.MinSizeRel|x64.Build.0 = MinSizeRel|x64
		{7F3C8C5B-206C-34A6-AA85-32C5022A94E6}.RelWithDebInfo|x64.ActiveCfg = RelWithDebInfo|x64
		{7F3C8C5B-206C-34A6-AA85-32C5022A94E6}.RelWithDebInfo|x64.Build.0 = RelWithDebInfo|x64
		{7B6CC32B-385B-3DD8-A45D-033C4FEEF903}.Debug|x64.ActiveCfg = Debug|x64
		{7B6CC32B-385B-3DD8-A45D-033C4FEEF903}.Debug|x64.Build.0 = Debug|x64
		{7B6CC32B-385B-3DD8-A45D-033C4FEEF903}.Release|x64.ActiveCfg = Release|x64
		{7B6CC32B-385B-3DD8-A45D-033C4FEEF903}.Release|x64.Build.0 = Release|x64
		{7B6CC32B-385B-3DD8-A45D-033C4FEEF903}.MinSizeRel|x64.ActiveCfg = MinSizeRel|x64
		{7B6CC32B-385B-3DD8-A45D-033C4FEEF903}.MinSizeRel|x64.Build.0 = MinSizeRel|x64
		{7B6CC32B-385B-3DD8-A45D-033C4FEEF903}.RelWithDebInfo|x64.ActiveCfg = RelWithDebInfo|x64
		{7B6CC32B-385B-3DD8-A45D-033C4FEEF903}.RelWithDebInfo|x64.Build.0 = RelWithDebInfo|x64
		{4BC2596A-5463-3EF4-9635-1FE9E8492BFD}.Debug|x64.ActiveCfg = Debug|x64
		{4BC2596A-5463-3EF4-9635-1FE9E8492BFD}.Debug|x64.Build.0 = Debug|x64
		{4BC2596A-5463-3EF4-9635-1FE9E8492BFD}.Release|x64.ActiveCfg = Release|x64
		{4BC2596A-5463-3EF4-9635-1FE9E8492BFD}.Release|x64.Build.0 = Release|x64
		{4BC2596A-5463-3EF4-9635-1FE9E8492BFD}.MinSizeRel|x64.ActiveCfg = MinSizeRel|x64
		{4BC2596A-5463-3EF4-9635-1FE9E8492BFD}.MinSizeRel|x64.Build.0 = MinSizeRel|x64
		{4BC2596A-5463-3EF4-9635-1FE9E8492BFD}.RelWithDebInfo|x64.ActiveCfg = RelWithDebInfo|x64
		{4BC2596A-5463-3EF4-9635-1FE9E8492BFD}.RelWithDebInfo|x64.Build.0 = RelWithDebInfo|x64
		{242F67DD-8E72-3A55-A50B-ADF58C1FE154}.Debug|x64.ActiveCfg = Debug|x64
		{242F67DD-8E72-3A55-A50B-ADF58C1FE154}.Debug|x64.Build.0 = Debug|x64
		{242F67DD-8E72-3A55-A50B-ADF58C1FE154}.Release|x64.ActiveCfg = Release|x64
		{242F67DD-8E72-3A55-A50B-ADF58C1FE154}.Release|x64.Build.0 = Release|x64
		{242F67DD-8E72-3A55-A50B-ADF58C1FE154}.MinSizeRel|x64.ActiveCfg = MinSizeRel|x64
		{242F67DD-8E72-3A55-A50B-ADF58C1FE154}.MinSizeRel|x64.Build.0 = MinSizeRel|x64
		{242F67DD-8E72-3A55-A50B-ADF58C1FE154}.RelWithDebInfo|x64.ActiveCfg = RelWithDebInfo|x64
		{242F67DD-8E72-3A55-A50B-ADF58C1FE154}.RelWithDebInfo|x64.Build.0 = RelWithDebInfo|x64
		{75F38C98-DC61-3605-8720-3E9BB41D9448}.Debug|x64.ActiveCfg = Debug|x64
		{75F38C98-DC61-3605-8720-3E9BB41D9448}.Debug|x64.Build.0 = Debug|x64
		{75F38C98-DC61-3605-8720-3E9BB41D9448}.Release|x64.ActiveCfg = Release|x64
		{75F38C98-DC61-3605-8720-3E9BB41D9448}.Release|x64.Build.0 = Release|x64
		{75F38C98-DC61-3605-8720-3E9BB41D9448}.MinSizeRel|x64.ActiveCfg = MinSizeRel|x64
		{75F38C98-DC61-3605-8720-3E9BB41D9448}.MinSizeRel|x64.Build.0 = MinSizeRel|x64
		{75F38C98-DC61-3605-8720-3E9BB41D9448}.RelWithDebInfo|x64.ActiveCfg = RelWithDebInfo|x64
		{75F38C98-DC61-3605-8720-3E9BB41D9448}.RelWithDebInfo|x64.Build.0 = RelWithDebInfo|x64
		{52404C39-7055-321F-B761-0708774C8878}.Debug|x64.ActiveCfg = Debug|x64
		{52404C39-7055-321F-B761-0708774C8878}.Debug|x64.Build.0 = Debug|x64
		{52404C39-7055-321F-B761-0708774C8878}.Release|x64.ActiveCfg = Release|x64
		{52404C39-7055-321F-B761-0708774C8878}.Release|x64.Build.0 = Release|x64
		{52404C39-7055-321F-B761-0708774C8878}.MinSizeRel|x64.ActiveCfg = MinSizeRel|x64
		{52404C39-7055-321F-B761-0708774C8878}.MinSizeRel|x64.Build.0 = MinSizeRel|x64
		{52404C39-7055-321F-B761-0708774C8878}.RelWithDebInfo|x64.ActiveCfg = RelWithDebInfo|x64
		{52404C39-7055-321F-B761-0708774C8878}.RelWithDebInfo|x64.Build.0 = RelWithDebInfo|x64
		{CB045D28-C100-388D-8A2C-98298DF68726}.Debug|x64.ActiveCfg = Debug|x64
		{CB045D28-C100-388D-8A2C-98298DF68726}.Debug|x64.Build.0 = Debug|x64
		{CB045D28-C100-388D-8A2C-98298DF68726}.Release|x64.ActiveCfg = Release|x64
		{CB045D28-C100-388D-8A2C-98298DF68726}.Release|x64.Build.0 = Release|x64
		{CB045D28-C100-388D-8A2C-98298DF68726}.MinSizeRel|x64.ActiveCfg = MinSizeRel|x64
		{CB045D28-C100-388D-8A2C-98298DF68726}.MinSizeRel|x64.Build.0 = MinSizeRel|x64
		{CB045D28-C100-388D-8A2C-98298DF68726}.RelWithDebInfo|x64.ActiveCfg = RelWithDebInfo|x64
		{CB045D28-C100-388D-8A2C-98298DF68726}.RelWithDebInfo|x64.Build.0 = RelWithDebInfo|x64
	EndGlobalSection
	GlobalSection(NestedProjects) = preSolution
		{713D7D3B-A511-30A8-8EF1-21EFB465F765} = {08757604-2F9E-31F3-B110-9A4B5A715EE7}
		{3C8028A9-C016-3323-8755-424881F57FEC} = {08757604-2F9E-31F3-B110-9A4B5A715EE7}
		{17756BD5-39C6-3FFF-8C8D-D0D0B6998F5E} = {08757604-2F9E-31F3-B110-9A4B5A715EE7}
		{FE29E4F2-F618-3786-94FA-0F83EFA58F36} = {08757604-2F9E-31F3-B110-9A4B5A715EE7}
		{7B6CC32B-385B-3DD8-A45D-033C4FEEF903} = {D72B3EE4-553C-375D-BEC7-F317886063BE}
		{4BC2596A-5463-3EF4-9635-1FE9E8492BFD} = {D72B3EE4-553C-375D-BEC7-F317886063BE}
		{242F67DD-8E72-3A55-A50B-ADF58C1FE154} = {D72B3EE4-553C-375D-BEC7-F317886063BE}
		{75F38C98-DC61-3605-8720-3E9BB41D9448} = {D72B3EE4-553C-375D-BEC7-F317886063BE}
		{52404C39-7055-321F-B761-0708774C8878} = {D72B3EE4-553C-375D-BEC7-F317886063BE}
		{CB045D28-C100-388D-8A2C-98298DF68726} = {D72B3EE4-553C-375D-BEC7-F317886063BE}
	EndGlobalSection
	GlobalSection(ExtensibilityGlobals) = postSolution
		SolutionGuid = {68DF1F88-42B5-31A1-BA30-D58514CD5621}
	EndGlobalSection
	GlobalSection(ExtensibilityAddIns) = postSolution
	EndGlobalSection
EndGlobal
